# THIS IS AN AUTOGENERATED FILE. DO NOT EDIT THIS FILE DIRECTLY.
# yarn lockfile v1


fp-ts@^2.11.5:
  version "2.11.5"
  resolved "https://registry.yarnpkg.com/fp-ts/-/fp-ts-2.11.5.tgz#97cceb26655b1452d7088d6fb0864f84cceffbe4"
  integrity sha512-OqlwJq1BdpB83BZXTqI+dNcA6uYk6qk4u9Cgnt64Y+XS7dwdbp/mobx8S2KXf2AXH+scNmA/UVK3SEFHR3vHZA==
